
Microsoft Visual Studio Solution File, Format Version 12.00
# Visual Studio Version 17
VisualStudioVersion = 17.5.33103.201
MinimumVisualStudioVersion = 10.0.40219.1
Project("{9A19103F-16F7-4668-BE54-9A1E7A4F7556}") = "RG.Redux", "RG.Redux\RG.Redux.csproj", "{EC547456-514C-42C9-991A-B817A7A499E2}"
EndProject
Project("{2150E333-8FDC-42A3-9474-1A3956D46DE8}") = "Solution Items", "Solution Items", "{F3A862D5-D99E-43DA-A708-C61CF12E0139}"
	ProjectSection(SolutionItems) = preProject
		.editorconfig = .editorconfig
		.gitignore = .gitignore
		README.md = README.md
	EndProjectSection
EndProject
Project("{FAE04EC0-301F-11D3-BF4B-00C04F79EFBC}") = "RG.Redux.Tests", "RG.Redux.Tests\RG.Redux.Tests.csproj", "{FBBCB1C7-464F-4E3E-A076-0761837B42A7}"
EndProject
Global
	GlobalSection(SolutionConfigurationPlatforms) = preSolution
		Debug|Any CPU = Debug|Any CPU
		Debug|x64 = Debug|x64
		Debug|x86 = Debug|x86
		Release|Any CPU = Release|Any CPU
		Release|x64 = Release|x64
		Release|x86 = Release|x86
	EndGlobalSection
	GlobalSection(ProjectConfigurationPlatforms) = postSolution
		{EC547456-514C-42C9-991A-B817A7A499E2}.Debug|Any CPU.ActiveCfg = Debug|Any CPU
		{EC547456-514C-42C9-991A-B817A7A499E2}.Debug|Any CPU.Build.0 = Debug|Any CPU
		{EC547456-514C-42C9-991A-B817A7A499E2}.Debug|x64.ActiveCfg = Debug|Any CPU
		{EC547456-514C-42C9-991A-B817A7A499E2}.Debug|x64.Build.0 = Debug|Any CPU
		{EC547456-514C-42C9-991A-B817A7A499E2}.Debug|x86.ActiveCfg = Debug|Any CPU
		{EC547456-514C-42C9-991A-B817A7A499E2}.Debug|x86.Build.0 = Debug|Any CPU
		{EC547456-514C-42C9-991A-B817A7A499E2}.Release|Any CPU.ActiveCfg = Release|Any CPU
		{EC547456-514C-42C9-991A-B817A7A499E2}.Release|Any CPU.Build.0 = Release|Any CPU
		{EC547456-514C-42C9-991A-B817A7A499E2}.Release|x64.ActiveCfg = Release|Any CPU
		{EC547456-514C-42C9-991A-B817A7A499E2}.Release|x64.Build.0 = Release|Any CPU
		{EC547456-514C-42C9-991A-B817A7A499E2}.Release|x86.ActiveCfg = Release|Any CPU
		{EC547456-514C-42C9-991A-B817A7A499E2}.Release|x86.Build.0 = Release|Any CPU
		{FBBCB1C7-464F-4E3E-A076-0761837B42A7}.Debug|Any CPU.ActiveCfg = Debug|Any CPU
		{FBBCB1C7-464F-4E3E-A076-0761837B42A7}.Debug|Any CPU.Build.0 = Debug|Any CPU
		{FBBCB1C7-464F-4E3E-A076-0761837B42A7}.Debug|x64.ActiveCfg = Debug|Any CPU
		{FBBCB1C7-464F-4E3E-A076-0761837B42A7}.Debug|x64.Build.0 = Debug|Any CPU
		{FBBCB1C7-464F-4E3E-A076-0761837B42A7}.Debug|x86.ActiveCfg = Debug|Any CPU
		{FBBCB1C7-464F-4E3E-A076-0761837B42A7}.Debug|x86.Build.0 = Debug|Any CPU
		{FBBCB1C7-464F-4E3E-A076-0761837B42A7}.Release|Any CPU.ActiveCfg = Release|Any CPU
		{FBBCB1C7-464F-4E3E-A076-0761837B42A7}.Release|Any CPU.Build.0 = Release|Any CPU
		{FBBCB1C7-464F-4E3E-A076-0761837B42A7}.Release|x64.ActiveCfg = Release|Any CPU
		{FBBCB1C7-464F-4E3E-A076-0761837B42A7}.Release|x64.Build.0 = Release|Any CPU
		{FBBCB1C7-464F-4E3E-A076-0761837B42A7}.Release|x86.ActiveCfg = Release|Any CPU
		{FBBCB1C7-464F-4E3E-A076-0761837B42A7}.Release|x86.Build.0 = Release|Any CPU
	EndGlobalSection
	GlobalSection(SolutionProperties) = preSolution
		HideSolutionNode = FALSE
	EndGlobalSection
	GlobalSection(ExtensibilityGlobals) = postSolution
		SolutionGuid = {94337DC3-35B9-44B9-98E5-DBE45538DED4}
	EndGlobalSection
EndGlobal
